
Microsoft Visual Studio Solution File, Format Version 12.00
# Visual Studio Version 16
VisualStudioVersion = 16.0.30711.63
MinimumVisualStudioVersion = 10.0.40219.1
Project("{888888A0-9F3D-457C-B088-3A5042F75D52}") = "myOwnProject", "myOwnProject\myOwnProject.pyproj", "{1E2A4D5E-CE37-4011-B95B-89E466728B01}"
EndProject
Global
	GlobalSection(SolutionConfigurationPlatforms) = preSolution
		Debug|Any CPU = Debug|Any CPU
		Release|Any CPU = Release|Any CPU
	EndGlobalSection
	GlobalSection(ProjectConfigurationPlatforms) = postSolution
		{1E2A4D5E-CE37-4011-B95B-89E466728B01}.Debug|Any CPU.ActiveCfg = Debug|Any CPU
		{1E2A4D5E-CE37-4011-B95B-89E466728B01}.Debug|Any CPU.Build.0 = Debug|Any CPU
		{1E2A4D5E-CE37-4011-B95B-89E466728B01}.Release|Any CPU.ActiveCfg = Release|Any CPU
		{1E2A4D5E-CE37-4011-B95B-89E466728B01}.Release|Any CPU.Build.0 = Release|Any CPU
	EndGlobalSection
	GlobalSection(SolutionProperties) = preSolution
		HideSolutionNode = FALSE
	EndGlobalSection
	GlobalSection(ExtensibilityGlobals) = postSolution
		SolutionGuid = {39AEB689-F05B-4726-835F-1982D0BD12B6}
	EndGlobalSection
EndGlobal
